Microsoft Visual Studio Solution File, Format Version 12.00
# Visual Studio Version 17
VisualStudioVersion = 17.5.2.0
MinimumVisualStudioVersion = 10.0.40219.1
Project("{FAE04EC0-301F-11D3-BF4B-00C04F79EFBC}") = "Chess.Resources", "Chess.Resources.csproj", "{239F2BB5-9CBB-1DE0-07DF-FDD7F1A35F6C}"
EndProject
Global
	GlobalSection(SolutionConfigurationPlatforms) = preSolution
		Debug|Any CPU = Debug|Any CPU
		Release|Any CPU = Release|Any CPU
	EndGlobalSection
	GlobalSection(ProjectConfigurationPlatforms) = postSolution
		{239F2BB5-9CBB-1DE0-07DF-FDD7F1A35F6C}.Debug|Any CPU.ActiveCfg = Debug|Any CPU
		{239F2BB5-9CBB-1DE0-07DF-FDD7F1A35F6C}.Debug|Any CPU.Build.0 = Debug|Any CPU
		{239F2BB5-9CBB-1DE0-07DF-FDD7F1A35F6C}.Release|Any CPU.ActiveCfg = Release|Any CPU
		{239F2BB5-9CBB-1DE0-07DF-FDD7F1A35F6C}.Release|Any CPU.Build.0 = Release|Any CPU
	EndGlobalSection
	GlobalSection(SolutionProperties) = preSolution
		HideSolutionNode = FALSE
	EndGlobalSection
	GlobalSection(ExtensibilityGlobals) = postSolution
		SolutionGuid = {8A3C3F83-1EC1-4AC8-A0D5-7D2C5F73CC66}
	EndGlobalSection
EndGlobal
